
Microsoft Visual Studio Solution File, Format Version 12.00
# Visual Studio Version 17
VisualStudioVersion = 17.5.2.0
MinimumVisualStudioVersion = 10.0.40219.1
Project("{2150E333-8FDC-42A3-9474-1A3956D46DE8}") = "Auth_Api", "Auth_Api", "{998F5AA6-6A52-119E-6534-07BB4300AE65}"
EndProject
Project("{FAE04EC0-301F-11D3-BF4B-00C04F79EFBC}") = "ResumeAI.Auth.API", "Auth_Api\ResumeAI.Auth.API\ResumeAI.Auth.API.csproj", "{747363F9-5CA1-0AB3-2F00-EDAA7486EEBD}"
EndProject
Project("{2150E333-8FDC-42A3-9474-1A3956D46DE8}") = "PaymentService", "PaymentService", "{BB3827F1-F3A2-E5D7-C0A8-E90CBCD5CE04}"
EndProject
Project("{FAE04EC0-301F-11D3-BF4B-00C04F79EFBC}") = "ResumeAI.Payment.API", "PaymentService\ResumeAI.Payment.API\ResumeAI.Payment.API.csproj", "{C022D32D-1631-4A98-AF55-D95605EEBAE4}"
EndProject
Project("{2150E333-8FDC-42A3-9474-1A3956D46DE8}") = "UnitTests", "UnitTests", "{2F646680-91A4-F107-74F4-9BF3126A0F16}"
EndProject
Project("{FAE04EC0-301F-11D3-BF4B-00C04F79EFBC}") = "ResumeAI.Payment.Tests", "UnitTests\ResumeAI.Payment.Tests\ResumeAI.Payment.Tests.csproj", "{99680CF6-F39B-402D-83C2-ECB93A958430}"
EndProject
Project("{2150E333-8FDC-42A3-9474-1A3956D46DE8}") = "AISection", "AISection", "{D16A33EC-1FF2-12FB-278F-D3B46968303D}"
EndProject
Project("{FAE04EC0-301F-11D3-BF4B-00C04F79EFBC}") = "ResumeAI.AI.API", "AISection\ResumeAI.AI.API\ResumeAI.AI.API.csproj", "{A22A4D6E-5D7A-4271-A170-2B4D8ECB4DB5}"
EndProject
Project("{2150E333-8FDC-42A3-9474-1A3956D46DE8}") = "ApiGatewayService", "ApiGatewayService", "{450C37C0-606C-FF52-34F1-CE09500FA29E}"
EndProject
Project("{FAE04EC0-301F-11D3-BF4B-00C04F79EFBC}") = "ResumeAI.Gateway", "ApiGatewayService\ResumeAI.Gateway\ResumeAI.Gateway.csproj", "{56E9EAA8-2E59-4E4E-8E5F-0F775471065D}"
EndProject
Project("{2150E333-8FDC-42A3-9474-1A3956D46DE8}") = "ExportService", "ExportService", "{C939ED74-5F0A-951C-F0BE-B0F6C3855993}"
EndProject
Project("{FAE04EC0-301F-11D3-BF4B-00C04F79EFBC}") = "ResumeAI.Export.API", "ExportService\ResumeAI.Export.API\ResumeAI.Export.API.csproj", "{66C2165D-EE0E-48E7-9865-4BF3DBC201C0}"
EndProject
Project("{2150E333-8FDC-42A3-9474-1A3956D46DE8}") = "JobMatchService", "JobMatchService", "{134A41EC-65A9-0303-DC3C-41B14C4B2D4C}"
EndProject
Project("{FAE04EC0-301F-11D3-BF4B-00C04F79EFBC}") = "ResumeAI.JobMatch.API", "JobMatchService\ResumeAI.JobMatch.API\ResumeAI.JobMatch.API.csproj", "{1D493441-B702-450F-8154-8B18214A8CBE}"
EndProject
Project("{2150E333-8FDC-42A3-9474-1A3956D46DE8}") = "NotificationService", "NotificationService", "{0BAE62A9-2200-0262-2CB5-8EE825167370}"
EndProject
Project("{FAE04EC0-301F-11D3-BF4B-00C04F79EFBC}") = "ResumeAI.Notification.API", "NotificationService\ResumeAI.Notification.API\ResumeAI.Notification.API.csproj", "{6A8F82E9-5261-4D56-87DF-082AA0ED550E}"
EndProject
Project("{2150E333-8FDC-42A3-9474-1A3956D46DE8}") = "ResumeAI", "ResumeAI", "{9907F718-878E-3D4E-AF5B-70CE8090EE73}"
EndProject
Project("{FAE04EC0-301F-11D3-BF4B-00C04F79EFBC}") = "ResumeAI.Resume.API", "ResumeAI\ResumeAI.Resume.API\ResumeAI.Resume.API.csproj", "{C0C6B7DC-8A02-440C-B699-6EDCFB9D9B66}"
EndProject
Project("{2150E333-8FDC-42A3-9474-1A3956D46DE8}") = "TemplateService", "TemplateService", "{5136CA9F-3AD4-23DF-182A-E6617ABE2061}"
EndProject
Project("{FAE04EC0-301F-11D3-BF4B-00C04F79EFBC}") = "ResumeAI.Template.API", "TemplateService\ResumeAI.Template.API\ResumeAI.Template.API.csproj", "{A9335007-DC29-482A-9445-487713AE3881}"
EndProject
Project("{FAE04EC0-301F-11D3-BF4B-00C04F79EFBC}") = "ResumeAI.AI.Tests", "UnitTests\ResumeAI.AI.Tests\ResumeAI.AI.Tests.csproj", "{A0C0D324-6A5B-4DBA-B408-9495AB216CC6}"
EndProject
Project("{FAE04EC0-301F-11D3-BF4B-00C04F79EFBC}") = "ResumeAI.Auth.Tests", "UnitTests\ResumeAI.Auth.Tests\ResumeAI.Auth.Tests.csproj", "{0035DE32-A9A7-49BF-9660-2BBA7C9E6262}"
EndProject
Project("{FAE04EC0-301F-11D3-BF4B-00C04F79EFBC}") = "ResumeAI.Export.Tests", "UnitTests\ResumeAI.Export.Tests\ResumeAI.Export.Tests.csproj", "{E1917D69-B566-4810-A5D1-92F574EE6154}"
EndProject
Project("{FAE04EC0-301F-11D3-BF4B-00C04F79EFBC}") = "ResumeAI.JobMatch.Tests", "UnitTests\ResumeAI.JobMatch.Tests\ResumeAI.JobMatch.Tests.csproj", "{3F0DC5A0-C985-438F-BFA3-776CFE34B807}"
EndProject
Project("{FAE04EC0-301F-11D3-BF4B-00C04F79EFBC}") = "ResumeAI.Notification.Tests", "UnitTests\ResumeAI.Notification.Tests\ResumeAI.Notification.Tests.csproj", "{0FE51548-7237-4D18-8C5B-03D4233DB052}"
EndProject
Project("{FAE04EC0-301F-11D3-BF4B-00C04F79EFBC}") = "ResumeAI.Resume.Tests", "UnitTests\ResumeAI.Resume.Tests\ResumeAI.Resume.Tests.csproj", "{D0714E67-9C63-4186-ACE9-30906616FA86}"
EndProject
Project("{FAE04EC0-301F-11D3-BF4B-00C04F79EFBC}") = "ResumeAI.Template.Tests", "UnitTests\ResumeAI.Template.Tests\ResumeAI.Template.Tests.csproj", "{8ADBC046-0446-49AB-919B-D7F5C9572F4F}"
EndProject
Global
	GlobalSection(SolutionConfigurationPlatforms) = preSolution
		Debug|Any CPU = Debug|Any CPU
		Debug|x64 = Debug|x64
		Debug|x86 = Debug|x86
		Release|Any CPU = Release|Any CPU
		Release|x64 = Release|x64
		Release|x86 = Release|x86
	EndGlobalSection
	GlobalSection(ProjectConfigurationPlatforms) = postSolution
		{747363F9-5CA1-0AB3-2F00-EDAA7486EEBD}.Debug|Any CPU.ActiveCfg = Debug|Any CPU
		{747363F9-5CA1-0AB3-2F00-EDAA7486EEBD}.Debug|Any CPU.Build.0 = Debug|Any CPU
		{747363F9-5CA1-0AB3-2F00-EDAA7486EEBD}.Debug|x64.ActiveCfg = Debug|Any CPU
		{747363F9-5CA1-0AB3-2F00-EDAA7486EEBD}.Debug|x64.Build.0 = Debug|Any CPU
		{747363F9-5CA1-0AB3-2F00-EDAA7486EEBD}.Debug|x86.ActiveCfg = Debug|Any CPU
		{747363F9-5CA1-0AB3-2F00-EDAA7486EEBD}.Debug|x86.Build.0 = Debug|Any CPU
		{747363F9-5CA1-0AB3-2F00-EDAA7486EEBD}.Release|Any CPU.ActiveCfg = Release|Any CPU
		{747363F9-5CA1-0AB3-2F00-EDAA7486EEBD}.Release|Any CPU.Build.0 = Release|Any CPU
		{747363F9-5CA1-0AB3-2F00-EDAA7486EEBD}.Release|x64.ActiveCfg = Release|Any CPU
		{747363F9-5CA1-0AB3-2F00-EDAA7486EEBD}.Release|x64.Build.0 = Release|Any CPU
		{747363F9-5CA1-0AB3-2F00-EDAA7486EEBD}.Release|x86.ActiveCfg = Release|Any CPU
		{747363F9-5CA1-0AB3-2F00-EDAA7486EEBD}.Release|x86.Build.0 = Release|Any CPU
		{C022D32D-1631-4A98-AF55-D95605EEBAE4}.Debug|Any CPU.ActiveCfg = Debug|Any CPU
		{C022D32D-1631-4A98-AF55-D95605EEBAE4}.Debug|Any CPU.Build.0 = Debug|Any CPU
		{C022D32D-1631-4A98-AF55-D95605EEBAE4}.Debug|x64.ActiveCfg = Debug|Any CPU
		{C022D32D-1631-4A98-AF55-D95605EEBAE4}.Debug|x64.Build.0 = Debug|Any CPU
		{C022D32D-1631-4A98-AF55-D95605EEBAE4}.Debug|x86.ActiveCfg = Debug|Any CPU
		{C022D32D-1631-4A98-AF55-D95605EEBAE4}.Debug|x86.Build.0 = Debug|Any CPU
		{C022D32D-1631-4A98-AF55-D95605EEBAE4}.Release|Any CPU.ActiveCfg = Release|Any CPU
		{C022D32D-1631-4A98-AF55-D95605EEBAE4}.Release|Any CPU.Build.0 = Release|Any CPU
		{C022D32D-1631-4A98-AF55-D95605EEBAE4}.Release|x64.ActiveCfg = Release|Any CPU
		{C022D32D-1631-4A98-AF55-D95605EEBAE4}.Release|x64.Build.0 = Release|Any CPU
		{C022D32D-1631-4A98-AF55-D95605EEBAE4}.Release|x86.ActiveCfg = Release|Any CPU
		{C022D32D-1631-4A98-AF55-D95605EEBAE4}.Release|x86.Build.0 = Release|Any CPU
		{99680CF6-F39B-402D-83C2-ECB93A958430}.Debug|Any CPU.ActiveCfg = Debug|Any CPU
		{99680CF6-F39B-402D-83C2-ECB93A958430}.Debug|Any CPU.Build.0 = Debug|Any CPU
		{99680CF6-F39B-402D-83C2-ECB93A958430}.Debug|x64.ActiveCfg = Debug|Any CPU
		{99680CF6-F39B-402D-83C2-ECB93A958430}.Debug|x64.Build.0 = Debug|Any CPU
		{99680CF6-F39B-402D-83C2-ECB93A958430}.Debug|x86.ActiveCfg = Debug|Any CPU
		{99680CF6-F39B-402D-83C2-ECB93A958430}.Debug|x86.Build.0 = Debug|Any CPU
		{99680CF6-F39B-402D-83C2-ECB93A958430}.Release|Any CPU.ActiveCfg = Release|Any CPU
		{99680CF6-F39B-402D-83C2-ECB93A958430}.Release|Any CPU.Build.0 = Release|Any CPU
		{99680CF6-F39B-402D-83C2-ECB93A958430}.Release|x64.ActiveCfg = Release|Any CPU
		{99680CF6-F39B-402D-83C2-ECB93A958430}.Release|x64.Build.0 = Release|Any CPU
		{99680CF6-F39B-402D-83C2-ECB93A958430}.Release|x86.ActiveCfg = Release|Any CPU
		{99680CF6-F39B-402D-83C2-ECB93A958430}.Release|x86.Build.0 = Release|Any CPU
		{A22A4D6E-5D7A-4271-A170-2B4D8ECB4DB5}.Debug|Any CPU.ActiveCfg = Debug|Any CPU
		{A22A4D6E-5D7A-4271-A170-2B4D8ECB4DB5}.Debug|Any CPU.Build.0 = Debug|Any CPU
		{A22A4D6E-5D7A-4271-A170-2B4D8ECB4DB5}.Debug|x64.ActiveCfg = Debug|Any CPU
		{A22A4D6E-5D7A-4271-A170-2B4D8ECB4DB5}.Debug|x64.Build.0 = Debug|Any CPU
		{A22A4D6E-5D7A-4271-A170-2B4D8ECB4DB5}.Debug|x86.ActiveCfg = Debug|Any CPU
		{A22A4D6E-5D7A-4271-A170-2B4D8ECB4DB5}.Debug|x86.Build.0 = Debug|Any CPU
		{A22A4D6E-5D7A-4271-A170-2B4D8ECB4DB5}.Release|Any CPU.ActiveCfg = Release|Any CPU
		{A22A4D6E-5D7A-4271-A170-2B4D8ECB4DB5}.Release|Any CPU.Build.0 = Release|Any CPU
		{A22A4D6E-5D7A-4271-A170-2B4D8ECB4DB5}.Release|x64.ActiveCfg = Release|Any CPU
		{A22A4D6E-5D7A-4271-A170-2B4D8ECB4DB5}.Release|x64.Build.0 = Release|Any CPU
		{A22A4D6E-5D7A-4271-A170-2B4D8ECB4DB5}.Release|x86.ActiveCfg = Release|Any CPU
		{A22A4D6E-5D7A-4271-A170-2B4D8ECB4DB5}.Release|x86.Build.0 = Release|Any CPU
		{56E9EAA8-2E59-4E4E-8E5F-0F775471065D}.Debug|Any CPU.ActiveCfg = Debug|Any CPU
		{56E9EAA8-2E59-4E4E-8E5F-0F775471065D}.Debug|Any CPU.Build.0 = Debug|Any CPU
		{56E9EAA8-2E59-4E4E-8E5F-0F775471065D}.Debug|x64.ActiveCfg = Debug|Any CPU
		{56E9EAA8-2E59-4E4E-8E5F-0F775471065D}.Debug|x64.Build.0 = Debug|Any CPU
		{56E9EAA8-2E59-4E4E-8E5F-0F775471065D}.Debug|x86.ActiveCfg = Debug|Any CPU
		{56E9EAA8-2E59-4E4E-8E5F-0F775471065D}.Debug|x86.Build.0 = Debug|Any CPU
		{56E9EAA8-2E59-4E4E-8E5F-0F775471065D}.Release|Any CPU.ActiveCfg = Release|Any CPU
		{56E9EAA8-2E59-4E4E-8E5F-0F775471065D}.Release|Any CPU.Build.0 = Release|Any CPU
		{56E9EAA8-2E59-4E4E-8E5F-0F775471065D}.Release|x64.ActiveCfg = Release|Any CPU
		{56E9EAA8-2E59-4E4E-8E5F-0F775471065D}.Release|x64.Build.0 = Release|Any CPU
		{56E9EAA8-2E59-4E4E-8E5F-0F775471065D}.Release|x86.ActiveCfg = Release|Any CPU
		{56E9EAA8-2E59-4E4E-8E5F-0F775471065D}.Release|x86.Build.0 = Release|Any CPU
		{66C2165D-EE0E-48E7-9865-4BF3DBC201C0}.Debug|Any CPU.ActiveCfg = Debug|Any CPU
		{66C2165D-EE0E-48E7-9865-4BF3DBC201C0}.Debug|Any CPU.Build.0 = Debug|Any CPU
		{66C2165D-EE0E-48E7-9865-4BF3DBC201C0}.Debug|x64.ActiveCfg = Debug|Any CPU
		{66C2165D-EE0E-48E7-9865-4BF3DBC201C0}.Debug|x64.Build.0 = Debug|Any CPU
		{66C2165D-EE0E-48E7-9865-4BF3DBC201C0}.Debug|x86.ActiveCfg = Debug|Any CPU
		{66C2165D-EE0E-48E7-9865-4BF3DBC201C0}.Debug|x86.Build.0 = Debug|Any CPU
		{66C2165D-EE0E-48E7-9865-4BF3DBC201C0}.Release|Any CPU.ActiveCfg = Release|Any CPU
		{66C2165D-EE0E-48E7-9865-4BF3DBC201C0}.Release|Any CPU.Build.0 = Release|Any CPU
		{66C2165D-EE0E-48E7-9865-4BF3DBC201C0}.Release|x64.ActiveCfg = Release|Any CPU
		{66C2165D-EE0E-48E7-9865-4BF3DBC201C0}.Release|x64.Build.0 = Release|Any CPU
		{66C2165D-EE0E-48E7-9865-4BF3DBC201C0}.Release|x86.ActiveCfg = Release|Any CPU
		{66C2165D-EE0E-48E7-9865-4BF3DBC201C0}.Release|x86.Build.0 = Release|Any CPU
		{1D493441-B702-450F-8154-8B18214A8CBE}.Debug|Any CPU.ActiveCfg = Debug|Any CPU
		{1D493441-B702-450F-8154-8B18214A8CBE}.Debug|Any CPU.Build.0 = Debug|Any CPU
		{1D493441-B702-450F-8154-8B18214A8CBE}.Debug|x64.ActiveCfg = Debug|Any CPU
		{1D493441-B702-450F-8154-8B18214A8CBE}.Debug|x64.Build.0 = Debug|Any CPU
		{1D493441-B702-450F-8154-8B18214A8CBE}.Debug|x86.ActiveCfg = Debug|Any CPU
		{1D493441-B702-450F-8154-8B18214A8CBE}.Debug|x86.Build.0 = Debug|Any CPU
		{1D493441-B702-450F-8154-8B18214A8CBE}.Release|Any CPU.ActiveCfg = Release|Any CPU
		{1D493441-B702-450F-8154-8B18214A8CBE}.Release|Any CPU.Build.0 = Release|Any CPU
		{1D493441-B702-450F-8154-8B18214A8CBE}.Release|x64.ActiveCfg = Release|Any CPU
		{1D493441-B702-450F-8154-8B18214A8CBE}.Release|x64.Build.0 = Release|Any CPU
		{1D493441-B702-450F-8154-8B18214A8CBE}.Release|x86.ActiveCfg = Release|Any CPU
		{1D493441-B702-450F-8154-8B18214A8CBE}.Release|x86.Build.0 = Release|Any CPU
		{6A8F82E9-5261-4D56-87DF-082AA0ED550E}.Debug|Any CPU.ActiveCfg = Debug|Any CPU
		{6A8F82E9-5261-4D56-87DF-082AA0ED550E}.Debug|Any CPU.Build.0 = Debug|Any CPU
		{6A8F82E9-5261-4D56-87DF-082AA0ED550E}.Debug|x64.ActiveCfg = Debug|Any CPU
		{6A8F82E9-5261-4D56-87DF-082AA0ED550E}.Debug|x64.Build.0 = Debug|Any CPU
		{6A8F82E9-5261-4D56-87DF-082AA0ED550E}.Debug|x86.ActiveCfg = Debug|Any CPU
		{6A8F82E9-5261-4D56-87DF-082AA0ED550E}.Debug|x86.Build.0 = Debug|Any CPU
		{6A8F82E9-5261-4D56-87DF-082AA0ED550E}.Release|Any CPU.ActiveCfg = Release|Any CPU
		{6A8F82E9-5261-4D56-87DF-082AA0ED550E}.Release|Any CPU.Build.0 = Release|Any CPU
		{6A8F82E9-5261-4D56-87DF-082AA0ED550E}.Release|x64.ActiveCfg = Release|Any CPU
		{6A8F82E9-5261-4D56-87DF-082AA0ED550E}.Release|x64.Build.0 = Release|Any CPU
		{6A8F82E9-5261-4D56-87DF-082AA0ED550E}.Release|x86.ActiveCfg = Release|Any CPU
		{6A8F82E9-5261-4D56-87DF-082AA0ED550E}.Release|x86.Build.0 = Release|Any CPU
		{C0C6B7DC-8A02-440C-B699-6EDCFB9D9B66}.Debug|Any CPU.ActiveCfg = Debug|Any CPU
		{C0C6B7DC-8A02-440C-B699-6EDCFB9D9B66}.Debug|Any CPU.Build.0 = Debug|Any CPU
		{C0C6B7DC-8A02-440C-B699-6EDCFB9D9B66}.Debug|x64.ActiveCfg = Debug|Any CPU
		{C0C6B7DC-8A02-440C-B699-6EDCFB9D9B66}.Debug|x64.Build.0 = Debug|Any CPU
		{C0C6B7DC-8A02-440C-B699-6EDCFB9D9B66}.Debug|x86.ActiveCfg = Debug|Any CPU
		{C0C6B7DC-8A02-440C-B699-6EDCFB9D9B66}.Debug|x86.Build.0 = Debug|Any CPU
		{C0C6B7DC-8A02-440C-B699-6EDCFB9D9B66}.Release|Any CPU.ActiveCfg = Release|Any CPU
		{C0C6B7DC-8A02-440C-B699-6EDCFB9D9B66}.Release|Any CPU.Build.0 = Release|Any CPU
		{C0C6B7DC-8A02-440C-B699-6EDCFB9D9B66}.Release|x64.ActiveCfg = Release|Any CPU
		{C0C6B7DC-8A02-440C-B699-6EDCFB9D9B66}.Release|x64.Build.0 = Release|Any CPU
		{C0C6B7DC-8A02-440C-B699-6EDCFB9D9B66}.Release|x86.ActiveCfg = Release|Any CPU
		{C0C6B7DC-8A02-440C-B699-6EDCFB9D9B66}.Release|x86.Build.0 = Release|Any CPU
		{A9335007-DC29-482A-9445-487713AE3881}.Debug|Any CPU.ActiveCfg = Debug|Any CPU
		{A9335007-DC29-482A-9445-487713AE3881}.Debug|Any CPU.Build.0 = Debug|Any CPU
		{A9335007-DC29-482A-9445-487713AE3881}.Debug|x64.ActiveCfg = Debug|Any CPU
		{A9335007-DC29-482A-9445-487713AE3881}.Debug|x64.Build.0 = Debug|Any CPU
		{A9335007-DC29-482A-9445-487713AE3881}.Debug|x86.ActiveCfg = Debug|Any CPU
		{A9335007-DC29-482A-9445-487713AE3881}.Debug|x86.Build.0 = Debug|Any CPU
		{A9335007-DC29-482A-9445-487713AE3881}.Release|Any CPU.ActiveCfg = Release|Any CPU
		{A9335007-DC29-482A-9445-487713AE3881}.Release|Any CPU.Build.0 = Release|Any CPU
		{A9335007-DC29-482A-9445-487713AE3881}.Release|x64.ActiveCfg = Release|Any CPU
		{A9335007-DC29-482A-9445-487713AE3881}.Release|x64.Build.0 = Release|Any CPU
		{A9335007-DC29-482A-9445-487713AE3881}.Release|x86.ActiveCfg = Release|Any CPU
		{A9335007-DC29-482A-9445-487713AE3881}.Release|x86.Build.0 = Release|Any CPU
		{A0C0D324-6A5B-4DBA-B408-9495AB216CC6}.Debug|Any CPU.ActiveCfg = Debug|Any CPU
		{A0C0D324-6A5B-4DBA-B408-9495AB216CC6}.Debug|Any CPU.Build.0 = Debug|Any CPU
		{A0C0D324-6A5B-4DBA-B408-9495AB216CC6}.Debug|x64.ActiveCfg = Debug|Any CPU
		{A0C0D324-6A5B-4DBA-B408-9495AB216CC6}.Debug|x64.Build.0 = Debug|Any CPU
		{A0C0D324-6A5B-4DBA-B408-9495AB216CC6}.Debug|x86.ActiveCfg = Debug|Any CPU
		{A0C0D324-6A5B-4DBA-B408-9495AB216CC6}.Debug|x86.Build.0 = Debug|Any CPU
		{A0C0D324-6A5B-4DBA-B408-9495AB216CC6}.Release|Any CPU.ActiveCfg = Release|Any CPU
		{A0C0D324-6A5B-4DBA-B408-9495AB216CC6}.Release|Any CPU.Build.0 = Release|Any CPU
		{A0C0D324-6A5B-4DBA-B408-9495AB216CC6}.Release|x64.ActiveCfg = Release|Any CPU
		{A0C0D324-6A5B-4DBA-B408-9495AB216CC6}.Release|x64.Build.0 = Release|Any CPU
		{A0C0D324-6A5B-4DBA-B408-9495AB216CC6}.Release|x86.ActiveCfg = Release|Any CPU
		{A0C0D324-6A5B-4DBA-B408-9495AB216CC6}.Release|x86.Build.0 = Release|Any CPU
		{0035DE32-A9A7-49BF-9660-2BBA7C9E6262}.Debug|Any CPU.ActiveCfg = Debug|Any CPU
		{0035DE32-A9A7-49BF-9660-2BBA7C9E6262}.Debug|Any CPU.Build.0 = Debug|Any CPU
		{0035DE32-A9A7-49BF-9660-2BBA7C9E6262}.Debug|x64.ActiveCfg = Debug|Any CPU
		{0035DE32-A9A7-49BF-9660-2BBA7C9E6262}.Debug|x64.Build.0 = Debug|Any CPU
		{0035DE32-A9A7-49BF-9660-2BBA7C9E6262}.Debug|x86.ActiveCfg = Debug|Any CPU
		{0035DE32-A9A7-49BF-9660-2BBA7C9E6262}.Debug|x86.Build.0 = Debug|Any CPU
		{0035DE32-A9A7-49BF-9660-2BBA7C9E6262}.Release|Any CPU.ActiveCfg = Release|Any CPU
		{0035DE32-A9A7-49BF-9660-2BBA7C9E6262}.Release|Any CPU.Build.0 = Release|Any CPU
		{0035DE32-A9A7-49BF-9660-2BBA7C9E6262}.Release|x64.ActiveCfg = Release|Any CPU
		{0035DE32-A9A7-49BF-9660-2BBA7C9E6262}.Release|x64.Build.0 = Release|Any CPU
		{0035DE32-A9A7-49BF-9660-2BBA7C9E6262}.Release|x86.ActiveCfg = Release|Any CPU
		{0035DE32-A9A7-49BF-9660-2BBA7C9E6262}.Release|x86.Build.0 = Release|Any CPU
		{E1917D69-B566-4810-A5D1-92F574EE6154}.Debug|Any CPU.ActiveCfg = Debug|Any CPU
		{E1917D69-B566-4810-A5D1-92F574EE6154}.Debug|Any CPU.Build.0 = Debug|Any CPU
		{E1917D69-B566-4810-A5D1-92F574EE6154}.Debug|x64.ActiveCfg = Debug|Any CPU
		{E1917D69-B566-4810-A5D1-92F574EE6154}.Debug|x64.Build.0 = Debug|Any CPU
		{E1917D69-B566-4810-A5D1-92F574EE6154}.Debug|x86.ActiveCfg = Debug|Any CPU
		{E1917D69-B566-4810-A5D1-92F574EE6154}.Debug|x86.Build.0 = Debug|Any CPU
		{E1917D69-B566-4810-A5D1-92F574EE6154}.Release|Any CPU.ActiveCfg = Release|Any CPU
		{E1917D69-B566-4810-A5D1-92F574EE6154}.Release|Any CPU.Build.0 = Release|Any CPU
		{E1917D69-B566-4810-A5D1-92F574EE6154}.Release|x64.ActiveCfg = Release|Any CPU
		{E1917D69-B566-4810-A5D1-92F574EE6154}.Release|x64.Build.0 = Release|Any CPU
		{E1917D69-B566-4810-A5D1-92F574EE6154}.Release|x86.ActiveCfg = Release|Any CPU
		{E1917D69-B566-4810-A5D1-92F574EE6154}.Release|x86.Build.0 = Release|Any CPU
		{3F0DC5A0-C985-438F-BFA3-776CFE34B807}.Debug|Any CPU.ActiveCfg = Debug|Any CPU
		{3F0DC5A0-C985-438F-BFA3-776CFE34B807}.Debug|Any CPU.Build.0 = Debug|Any CPU
		{3F0DC5A0-C985-438F-BFA3-776CFE34B807}.Debug|x64.ActiveCfg = Debug|Any CPU
		{3F0DC5A0-C985-438F-BFA3-776CFE34B807}.Debug|x64.Build.0 = Debug|Any CPU
		{3F0DC5A0-C985-438F-BFA3-776CFE34B807}.Debug|x86.ActiveCfg = Debug|Any CPU
		{3F0DC5A0-C985-438F-BFA3-776CFE34B807}.Debug|x86.Build.0 = Debug|Any CPU
		{3F0DC5A0-C985-438F-BFA3-776CFE34B807}.Release|Any CPU.ActiveCfg = Release|Any CPU
		{3F0DC5A0-C985-438F-BFA3-776CFE34B807}.Release|Any CPU.Build.0 = Release|Any CPU
		{3F0DC5A0-C985-438F-BFA3-776CFE34B807}.Release|x64.ActiveCfg = Release|Any CPU
		{3F0DC5A0-C985-438F-BFA3-776CFE34B807}.Release|x64.Build.0 = Release|Any CPU
		{3F0DC5A0-C985-438F-BFA3-776CFE34B807}.Release|x86.ActiveCfg = Release|Any CPU
		{3F0DC5A0-C985-438F-BFA3-776CFE34B807}.Release|x86.Build.0 = Release|Any CPU
		{0FE51548-7237-4D18-8C5B-03D4233DB052}.Debug|Any CPU.ActiveCfg = Debug|Any CPU
		{0FE51548-7237-4D18-8C5B-03D4233DB052}.Debug|Any CPU.Build.0 = Debug|Any CPU
		{0FE51548-7237-4D18-8C5B-03D4233DB052}.Debug|x64.ActiveCfg = Debug|Any CPU
		{0FE51548-7237-4D18-8C5B-03D4233DB052}.Debug|x64.Build.0 = Debug|Any CPU
		{0FE51548-7237-4D18-8C5B-03D4233DB052}.Debug|x86.ActiveCfg = Debug|Any CPU
		{0FE51548-7237-4D18-8C5B-03D4233DB052}.Debug|x86.Build.0 = Debug|Any CPU
		{0FE51548-7237-4D18-8C5B-03D4233DB052}.Release|Any CPU.ActiveCfg = Release|Any CPU
		{0FE51548-7237-4D18-8C5B-03D4233DB052}.Release|Any CPU.Build.0 = Release|Any CPU
		{0FE51548-7237-4D18-8C5B-03D4233DB052}.Release|x64.ActiveCfg = Release|Any CPU
		{0FE51548-7237-4D18-8C5B-03D4233DB052}.Release|x64.Build.0 = Release|Any CPU
		{0FE51548-7237-4D18-8C5B-03D4233DB052}.Release|x86.ActiveCfg = Release|Any CPU
		{0FE51548-7237-4D18-8C5B-03D4233DB052}.Release|x86.Build.0 = Release|Any CPU
		{D0714E67-9C63-4186-ACE9-30906616FA86}.Debug|Any CPU.ActiveCfg = Debug|Any CPU
		{D0714E67-9C63-4186-ACE9-30906616FA86}.Debug|Any CPU.Build.0 = Debug|Any CPU
		{D0714E67-9C63-4186-ACE9-30906616FA86}.Debug|x64.ActiveCfg = Debug|Any CPU
		{D0714E67-9C63-4186-ACE9-30906616FA86}.Debug|x64.Build.0 = Debug|Any CPU
		{D0714E67-9C63-4186-ACE9-30906616FA86}.Debug|x86.ActiveCfg = Debug|Any CPU
		{D0714E67-9C63-4186-ACE9-30906616FA86}.Debug|x86.Build.0 = Debug|Any CPU
		{D0714E67-9C63-4186-ACE9-30906616FA86}.Release|Any CPU.ActiveCfg = Release|Any CPU
		{D0714E67-9C63-4186-ACE9-30906616FA86}.Release|Any CPU.Build.0 = Release|Any CPU
		{D0714E67-9C63-4186-ACE9-30906616FA86}.Release|x64.ActiveCfg = Release|Any CPU
		{D0714E67-9C63-4186-ACE9-30906616FA86}.Release|x64.Build.0 = Release|Any CPU
		{D0714E67-9C63-4186-ACE9-30906616FA86}.Release|x86.ActiveCfg = Release|Any CPU
		{D0714E67-9C63-4186-ACE9-30906616FA86}.Release|x86.Build.0 = Release|Any CPU
		{8ADBC046-0446-49AB-919B-D7F5C9572F4F}.Debug|Any CPU.ActiveCfg = Debug|Any CPU
		{8ADBC046-0446-49AB-919B-D7F5C9572F4F}.Debug|Any CPU.Build.0 = Debug|Any CPU
		{8ADBC046-0446-49AB-919B-D7F5C9572F4F}.Debug|x64.ActiveCfg = Debug|Any CPU
		{8ADBC046-0446-49AB-919B-D7F5C9572F4F}.Debug|x64.Build.0 = Debug|Any CPU
		{8ADBC046-0446-49AB-919B-D7F5C9572F4F}.Debug|x86.ActiveCfg = Debug|Any CPU
		{8ADBC046-0446-49AB-919B-D7F5C9572F4F}.Debug|x86.Build.0 = Debug|Any CPU
		{8ADBC046-0446-49AB-919B-D7F5C9572F4F}.Release|Any CPU.ActiveCfg = Release|Any CPU
		{8ADBC046-0446-49AB-919B-D7F5C9572F4F}.Release|Any CPU.Build.0 = Release|Any CPU
		{8ADBC046-0446-49AB-919B-D7F5C9572F4F}.Release|x64.ActiveCfg = Release|Any CPU
		{8ADBC046-0446-49AB-919B-D7F5C9572F4F}.Release|x64.Build.0 = Release|Any CPU
		{8ADBC046-0446-49AB-919B-D7F5C9572F4F}.Release|x86.ActiveCfg = Release|Any CPU
		{8ADBC046-0446-49AB-919B-D7F5C9572F4F}.Release|x86.Build.0 = Release|Any CPU
	EndGlobalSection
	GlobalSection(SolutionProperties) = preSolution
		HideSolutionNode = FALSE
	EndGlobalSection
	GlobalSection(NestedProjects) = preSolution
		{747363F9-5CA1-0AB3-2F00-EDAA7486EEBD} = {998F5AA6-6A52-119E-6534-07BB4300AE65}
		{C022D32D-1631-4A98-AF55-D95605EEBAE4} = {BB3827F1-F3A2-E5D7-C0A8-E90CBCD5CE04}
		{99680CF6-F39B-402D-83C2-ECB93A958430} = {2F646680-91A4-F107-74F4-9BF3126A0F16}
		{A22A4D6E-5D7A-4271-A170-2B4D8ECB4DB5} = {D16A33EC-1FF2-12FB-278F-D3B46968303D}
		{56E9EAA8-2E59-4E4E-8E5F-0F775471065D} = {450C37C0-606C-FF52-34F1-CE09500FA29E}
		{66C2165D-EE0E-48E7-9865-4BF3DBC201C0} = {C939ED74-5F0A-951C-F0BE-B0F6C3855993}
		{1D493441-B702-450F-8154-8B18214A8CBE} = {134A41EC-65A9-0303-DC3C-41B14C4B2D4C}
		{6A8F82E9-5261-4D56-87DF-082AA0ED550E} = {0BAE62A9-2200-0262-2CB5-8EE825167370}
		{C0C6B7DC-8A02-440C-B699-6EDCFB9D9B66} = {9907F718-878E-3D4E-AF5B-70CE8090EE73}
		{A9335007-DC29-482A-9445-487713AE3881} = {5136CA9F-3AD4-23DF-182A-E6617ABE2061}
		{A0C0D324-6A5B-4DBA-B408-9495AB216CC6} = {2F646680-91A4-F107-74F4-9BF3126A0F16}
		{0035DE32-A9A7-49BF-9660-2BBA7C9E6262} = {2F646680-91A4-F107-74F4-9BF3126A0F16}
		{E1917D69-B566-4810-A5D1-92F574EE6154} = {2F646680-91A4-F107-74F4-9BF3126A0F16}
		{3F0DC5A0-C985-438F-BFA3-776CFE34B807} = {2F646680-91A4-F107-74F4-9BF3126A0F16}
		{0FE51548-7237-4D18-8C5B-03D4233DB052} = {2F646680-91A4-F107-74F4-9BF3126A0F16}
		{D0714E67-9C63-4186-ACE9-30906616FA86} = {2F646680-91A4-F107-74F4-9BF3126A0F16}
		{8ADBC046-0446-49AB-919B-D7F5C9572F4F} = {2F646680-91A4-F107-74F4-9BF3126A0F16}
	EndGlobalSection
	GlobalSection(ExtensibilityGlobals) = postSolution
		SolutionGuid = {8B8644AC-881C-46B2-9BDC-8A7EE33EE5B2}
	EndGlobalSection
EndGlobal
